github.com/ecnepsnai/logtic v1.9.4 h1:pJ0pd9tFr3s0ogRMfB6BdgFuV/Dfx5nH8fDu589N7xY=
github.com/ecnepsnai/logtic v1.9.4/go.mod h1:fs2kkqGqiX77ejVNBKpSV/dMVtn9bTg9YtHLP9MC0U8=
github.com/ecnepsnai/zbx v1.1.5 h1:se+6ih/xb4gAmkUuWyktfQ14T1EaFn8L5nRZHqtmWxQ=
github.com/ecnepsnai/zbx v1.1.5/go.mod h1:J6TFbv4cv6O2GwG9FVmqckhz/ab+KepVul8UPblusiE=
